
Microsoft Visual Studio Solution File, Format Version 12.00
# Visual Studio Version 17
VisualStudioVersion = 17.4.33122.133
MinimumVisualStudioVersion = 10.0.40219.1
Project("{9A19103F-16F7-4668-BE54-9A1E7A4F7556}") = "NPexwClient", "NPexw\NPexwClient.csproj", "{65D796B9-FC45-43CB-9AB9-704C59090186}"
EndProject
Project("{FAE04EC0-301F-11D3-BF4B-00C04F79EFBC}") = "NPexwLib", "NPexwLib\NPexwLib.csproj", "{C14A4F93-85CD-4128-9B67-B6900981B543}"
EndProject
Project("{FAE04EC0-301F-11D3-BF4B-00C04F79EFBC}") = "NPexwServer", "NPexwServer\NPexwServer.csproj", "{C3F8EE13-8574-46DC-A97E-6522044C9225}"
EndProject
Global
	GlobalSection(SolutionConfigurationPlatforms) = preSolution
		Debug|Any CPU = Debug|Any CPU
		Release|Any CPU = Release|Any CPU
	EndGlobalSection
	GlobalSection(ProjectConfigurationPlatforms) = postSolution
		{65D796B9-FC45-43CB-9AB9-704C59090186}.Debug|Any CPU.ActiveCfg = Debug|Any CPU
		{65D796B9-FC45-43CB-9AB9-704C59090186}.Debug|Any CPU.Build.0 = Debug|Any CPU
		{65D796B9-FC45-43CB-9AB9-704C59090186}.Release|Any CPU.ActiveCfg = Release|Any CPU
		{65D796B9-FC45-43CB-9AB9-704C59090186}.Release|Any CPU.Build.0 = Release|Any CPU
		{C14A4F93-85CD-4128-9B67-B6900981B543}.Debug|Any CPU.ActiveCfg = Debug|Any CPU
		{C14A4F93-85CD-4128-9B67-B6900981B543}.Debug|Any CPU.Build.0 = Debug|Any CPU
		{C14A4F93-85CD-4128-9B67-B6900981B543}.Release|Any CPU.ActiveCfg = Release|Any CPU
		{C14A4F93-85CD-4128-9B67-B6900981B543}.Release|Any CPU.Build.0 = Release|Any CPU
		{C3F8EE13-8574-46DC-A97E-6522044C9225}.Debug|Any CPU.ActiveCfg = Debug|Any CPU
		{C3F8EE13-8574-46DC-A97E-6522044C9225}.Debug|Any CPU.Build.0 = Debug|Any CPU
		{C3F8EE13-8574-46DC-A97E-6522044C9225}.Release|Any CPU.ActiveCfg = Release|Any CPU
		{C3F8EE13-8574-46DC-A97E-6522044C9225}.Release|Any CPU.Build.0 = Release|Any CPU
	EndGlobalSection
	GlobalSection(SolutionProperties) = preSolution
		HideSolutionNode = FALSE
	EndGlobalSection
	GlobalSection(ExtensibilityGlobals) = postSolution
		SolutionGuid = {52CAF6E2-C0F8-4A1F-A515-19FEC2BAA376}
	EndGlobalSection
EndGlobal
